
Microsoft Visual Studio Solution File, Format Version 12.00
Project("{FAE04EC0-301F-11D3-BF4B-00C04F79EFBC}") = "FlightInformation.API", "FlightInformation.API\FlightInformation.API.csproj", "{0A354308-1330-4CDE-BBE4-88646384569C}"
EndProject
Project("{FAE04EC0-301F-11D3-BF4B-00C04F79EFBC}") = "FlightInformation.API.Tests", "FlightInformation.API.Tests\FlightInformation.API.Tests.csproj", "{AC3586E6-A67F-4A72-909D-034F391BB100}"
EndProject
Global
	GlobalSection(SolutionConfigurationPlatforms) = preSolution
		Debug|Any CPU = Debug|Any CPU
		Release|Any CPU = Release|Any CPU
	EndGlobalSection
	GlobalSection(ProjectConfigurationPlatforms) = postSolution
		{0A354308-1330-4CDE-BBE4-88646384569C}.Debug|Any CPU.ActiveCfg = Debug|Any CPU
		{0A354308-1330-4CDE-BBE4-88646384569C}.Debug|Any CPU.Build.0 = Debug|Any CPU
		{0A354308-1330-4CDE-BBE4-88646384569C}.Release|Any CPU.ActiveCfg = Release|Any CPU
		{0A354308-1330-4CDE-BBE4-88646384569C}.Release|Any CPU.Build.0 = Release|Any CPU
		{AC3586E6-A67F-4A72-909D-034F391BB100}.Debug|Any CPU.ActiveCfg = Debug|Any CPU
		{AC3586E6-A67F-4A72-909D-034F391BB100}.Debug|Any CPU.Build.0 = Debug|Any CPU
		{AC3586E6-A67F-4A72-909D-034F391BB100}.Release|Any CPU.ActiveCfg = Release|Any CPU
		{AC3586E6-A67F-4A72-909D-034F391BB100}.Release|Any CPU.Build.0 = Release|Any CPU
	EndGlobalSection
EndGlobal
